{
    "_readme": [
        "This file locks the dependencies of your project to a known state",
        "Read more about it at http://getcomposer.org/doc/01-basic-usage.md#composer-lock-the-lock-file",
        "This file is @generated automatically"
    ],
    "hash": "bee87f76c97ccf0a918492835b7b2402",
    "packages": [
        {
            "name": "leafo/lessphp",
            "version": "v0.5.0",
            "source": {
                "type": "git",
                "url": "https://github.com/leafo/lessphp.git",
                "reference": "0f5a7f5545d2bcf4e9fad9a228c8ad89cc9aa283"
            },
            "dist": {
                "type": "zip",
                "url": "https://api.github.com/repos/leafo/lessphp/zipball/0f5a7f5545d2bcf4e9fad9a228c8ad89cc9aa283",
                "reference": "0f5a7f5545d2bcf4e9fad9a228c8ad89cc9aa283",
                "shasum": ""
            },
            "type": "library",
            "extra": {
                "branch-alias": {
                    "dev-master": "0.4.x-dev"
                }
            },
            "autoload": {
                "classmap": [
                    "lessc.inc.php"
                ]
            },
            "notification-url": "https://packagist.org/downloads/",
            "license": [
                "MIT",
                "GPL-3.0"
            ],
            "authors": [
                {
                    "name": "Leaf Corcoran",
                    "email": "leafot@gmail.com",
                    "homepage": "http://leafo.net"
                }
            ],
            "description": "lessphp is a compiler for LESS written in PHP.",
            "homepage": "http://leafo.net/lessphp/",
            "time": "2014-11-24 18:39:20"
        },
        {
            "name": "nervo/yuicompressor",
            "version": "2.4.7",
            "source": {
                "type": "git",
                "url": "https://github.com/nervo/yuicompressor.git",
                "reference": "57e188ab59b02bf5c57a5362c3c507ef62365f65"
            },
            "dist": {
                "type": "zip",
                "url": "https://api.github.com/repos/nervo/yuicompressor/zipball/57e188ab59b02bf5c57a5362c3c507ef62365f65",
                "reference": "57e188ab59b02bf5c57a5362c3c507ef62365f65",
                "shasum": ""
            },
            "type": "library",
            "notification-url": "https://packagist.org/downloads/",
            "license": [
                "BSD"
            ],
            "description": "YUI Compressor is an open source tool that supports the compression of both JavaScript and CSS files. The JavaScript compression removes comments and white-spaces as well as obfuscates local variables using the smallest possible variable name. CSS compression is done using a regular-expression-based CSS minifier.",
            "homepage": "https://github.com/yui/yuicompressor",
            "keywords": [
                "java",
                "yui"
            ],
            "time": "2012-05-12 08:31:30"
        }
    ],
    "packages-dev": [],
    "aliases": [],
    "minimum-stability": "stable",
    "stability-flags": [],
    "prefer-stable": false,
    "platform": [],
    "platform-dev": []
}
